// !$*UTF8*$!
{
	archiveVersion = 1;
	classes = {
	};
	objectVersion = 46;
	objects = {

/* Begin PBXBuildFile section */
		15F046207CE74F4EB83DA443 /* libPods-7timesTests.a in Frameworks */ = {isa = PBXBuildFile; fileRef = B97D08A668EB491E9F8B48AA /* libPods-7timesTests.a */; };
		9C1C9C0617DF081900BCC341 /* UIKit.framework in Frameworks */ = {isa = PBXBuildFile; fileRef = 9C1C9C0517DF081900BCC341 /* UIKit.framework */; };
		9C1C9C0817DF081900BCC341 /* Foundation.framework in Frameworks */ = {isa = PBXBuildFile; fileRef = 9C1C9C0717DF081900BCC341 /* Foundation.framework */; };
		9C1C9C0A17DF081900BCC341 /* CoreGraphics.framework in Frameworks */ = {isa = PBXBuildFile; fileRef = 9C1C9C0917DF081900BCC341 /* CoreGraphics.framework */; };
		9C1C9C1017DF081900BCC341 /* InfoPlist.strings in Resources */ = {isa = PBXBuildFile; fileRef = 9C1C9C0E17DF081900BCC341 /* InfoPlist.strings */; };
		9C1C9C1217DF081900BCC341 /* main.m in Sources */ = {isa = PBXBuildFile; fileRef = 9C1C9C1117DF081900BCC341 /* main.m */; };
		9C1C9C1617DF081900BCC341 /* AppDelegate.m in Sources */ = {isa = PBXBuildFile; fileRef = 9C1C9C1517DF081900BCC341 /* AppDelegate.m */; };
		9C1C9C1817DF081900BCC341 /* Default.png in Resources */ = {isa = PBXBuildFile; fileRef = 9C1C9C1717DF081900BCC341 /* Default.png */; };
		9C1C9C1A17DF081900BCC341 /* Default@2x.png in Resources */ = {isa = PBXBuildFile; fileRef = 9C1C9C1917DF081900BCC341 /* Default@2x.png */; };
		9C1C9C1C17DF081900BCC341 /* Default-568h@2x.png in Resources */ = {isa = PBXBuildFile; fileRef = 9C1C9C1B17DF081900BCC341 /* Default-568h@2x.png */; };
		9C1C9C1F17DF081900BCC341 /* MainStoryboard_iPhone.storyboard in Resources */ = {isa = PBXBuildFile; fileRef = 9C1C9C1D17DF081900BCC341 /* MainStoryboard_iPhone.storyboard */; };
		9C1C9C2217DF081900BCC341 /* MainStoryboard_iPad.storyboard in Resources */ = {isa = PBXBuildFile; fileRef = 9C1C9C2017DF081900BCC341 /* MainStoryboard_iPad.storyboard */; };
		9C1C9C2517DF081900BCC341 /* IPadViewController.m in Sources */ = {isa = PBXBuildFile; fileRef = 9C1C9C2417DF081900BCC341 /* IPadViewController.m */; };
		9C1C9C2D17DF081900BCC341 /* SenTestingKit.framework in Frameworks */ = {isa = PBXBuildFile; fileRef = 9C1C9C2C17DF081900BCC341 /* SenTestingKit.framework */; };
		9C1C9C2E17DF081900BCC341 /* UIKit.framework in Frameworks */ = {isa = PBXBuildFile; fileRef = 9C1C9C0517DF081900BCC341 /* UIKit.framework */; };
		9C1C9C2F17DF081900BCC341 /* Foundation.framework in Frameworks */ = {isa = PBXBuildFile; fileRef = 9C1C9C0717DF081900BCC341 /* Foundation.framework */; };
		9C1C9C3717DF081900BCC341 /* InfoPlist.strings in Resources */ = {isa = PBXBuildFile; fileRef = 9C1C9C3517DF081900BCC341 /* InfoPlist.strings */; };
		9C1C9C3A17DF081900BCC341 /* _timesTests.m in Sources */ = {isa = PBXBuildFile; fileRef = 9C1C9C3917DF081900BCC341 /* _timesTests.m */; };
		9C1C9C4517E1C9FA00BCC341 /* Model.xcdatamodeld in Sources */ = {isa = PBXBuildFile; fileRef = 9C1C9C4317E1C9FA00BCC341 /* Model.xcdatamodeld */; };
		9C748669180539A5000C0E42 /* SystemConfiguration.framework in Frameworks */ = {isa = PBXBuildFile; fileRef = 9C748668180539A5000C0E42 /* SystemConfiguration.framework */; };
		9C74866B18053A2E000C0E42 /* Security.framework in Frameworks */ = {isa = PBXBuildFile; fileRef = 9C74866A18053A2E000C0E42 /* Security.framework */; };
		9C74866D18053A3D000C0E42 /* AdSupport.framework in Frameworks */ = {isa = PBXBuildFile; fileRef = 9C74866C18053A3D000C0E42 /* AdSupport.framework */; };
		9C74866F1807DC27000C0E42 /* CoreData.framework in Frameworks */ = {isa = PBXBuildFile; fileRef = 9C74866E1807DC27000C0E42 /* CoreData.framework */; };
		9CBEC838181F84A7002FE3FB /* splash@1136.png in Resources */ = {isa = PBXBuildFile; fileRef = 9CBEC81C18178C5E002FE3FB /* splash@1136.png */; };
		9CBEC839181F84A7002FE3FB /* splash@960.PNG in Resources */ = {isa = PBXBuildFile; fileRef = 9CBEC81B18178C51002FE3FB /* splash@960.PNG */; };
		9CBEC8A21826A4DE002FE3FB /* 7times logo@58.png in Resources */ = {isa = PBXBuildFile; fileRef = 9CBEC81A18178200002FE3FB /* 7times logo@58.png */; };
		9CBEC8A31826A4DE002FE3FB /* 7times logo@80.png in Resources */ = {isa = PBXBuildFile; fileRef = 9CBEC8191817817A002FE3FB /* 7times logo@80.png */; };
		9CD4471A1826A71F00EC1D04 /* 7times logo@29.png in Resources */ = {isa = PBXBuildFile; fileRef = 9CBEC8A61826A6BE002FE3FB /* 7times logo@29.png */; };
		9CD4471B1826A71F00EC1D04 /* 7times logo@114.png in Resources */ = {isa = PBXBuildFile; fileRef = 9CBEC8A51826A693002FE3FB /* 7times logo@114.png */; };
		9CD4471C1826A71F00EC1D04 /* 7times logo@57.png in Resources */ = {isa = PBXBuildFile; fileRef = 9CBEC8A41826A680002FE3FB /* 7times logo@57.png */; };
		9CF0CA13180FEFE800658EBA /* 7times logo@120.png in Resources */ = {isa = PBXBuildFile; fileRef = 9CF0CA12180FEEB400658EBA /* 7times logo@120.png */; };
		9CF0CA161810C61000658EBA /* Word.m in Sources */ = {isa = PBXBuildFile; fileRef = 9CF0CA151810C61000658EBA /* Word.m */; };
		9CF0CA191810C61100658EBA /* Check.m in Sources */ = {isa = PBXBuildFile; fileRef = 9CF0CA181810C61100658EBA /* Check.m */; };
		9CF0CA1C1810C61100658EBA /* Post.m in Sources */ = {isa = PBXBuildFile; fileRef = 9CF0CA1B1810C61100658EBA /* Post.m */; };
		9CF0CA1E181116FB00658EBA /* StoreKit.framework in Frameworks */ = {isa = PBXBuildFile; fileRef = 9CF0CA1D181116FB00658EBA /* StoreKit.framework */; };
		B03CBD163C7D4B169253E2F5 /* libPods.a in Frameworks */ = {isa = PBXBuildFile; fileRef = 8EAF01890F64411B98FBC99F /* libPods.a */; };
		BE48E10A06C0824D271151B6 /* NSURL+QueryString.m in Sources */ = {isa = PBXBuildFile; fileRef = BE48EAE1979969C6B7907A23 /* NSURL+QueryString.m */; };
		BE48E1977E655489A78ED8EA /* WordList.m in Sources */ = {isa = PBXBuildFile; fileRef = BE48EA0B6C37D4E4EC987410 /* WordList.m */; };
		BE48E3AB1ED3D1DB95DF68F4 /* tofle.txt in Resources */ = {isa = PBXBuildFile; fileRef = BE48EBCDEC1039A77311A1BD /* tofle.txt */; };
		BE48E41AC7A38C172F9C3770 /* cet6.txt in Resources */ = {isa = PBXBuildFile; fileRef = BE48EA746404EF689745BBCD /* cet6.txt */; };
		BE48E5417F3290834DAD84DB /* WordListManager.m in Sources */ = {isa = PBXBuildFile; fileRef = BE48E555847B0457DC217B20 /* WordListManager.m */; };
		BE48E5C01B040F6108021898 /* libFlurry_4.2.4.a in Frameworks */ = {isa = PBXBuildFile; fileRef = BE48E00EE44FBAB6FDDBE232 /* libFlurry_4.2.4.a */; };
		BE48E609165404AAF6EE92B1 /* cet4.txt in Resources */ = {isa = PBXBuildFile; fileRef = BE48E9A1047F8B0D3BFE4C49 /* cet4.txt */; };
		BE48E60DF0F351D5D27D62B7 /* gre.txt in Resources */ = {isa = PBXBuildFile; fileRef = BE48E4C71A8D463466C56BC4 /* gre.txt */; };
		BE48E89ED4B6C4ACAD7B2CAE /* sat.txt in Resources */ = {isa = PBXBuildFile; fileRef = BE48E50A0F0BFC0D59E731EB /* sat.txt */; };
		BE48E928959936F76B265F0A /* IPhoneViewController.m in Sources */ = {isa = PBXBuildFile; fileRef = BE48ECC05168E10F9F382F43 /* IPhoneViewController.m */; };
		BE48E93D591D8E1B176496DC /* GoogleNewsSource.m in Sources */ = {isa = PBXBuildFile; fileRef = BE48EE296B7C5DECC279AD67 /* GoogleNewsSource.m */; };
		BE48EBF02F6F5860D4E7FE2D /* SLSharedConfig.m in Sources */ = {isa = PBXBuildFile; fileRef = BE48EA0106C59259FE320B37 /* SLSharedConfig.m */; };
		BE48EC5D94F6C8E21777C5D9 /* Word+Util.m in Sources */ = {isa = PBXBuildFile; fileRef = BE48EE43F2591308B9B53D2A /* Word+Util.m */; };
		BE48ECD8F70E647D2C23BDF2 /* IAPHelper.m in Sources */ = {isa = PBXBuildFile; fileRef = BE48E32881AE19D976820BC6 /* IAPHelper.m */; };
		BE48ED36873C62B8ACB299D9 /* PostManager.m in Sources */ = {isa = PBXBuildFile; fileRef = BE48E77AD3CF8872FFDD8E2E /* PostManager.m */; };
		BE48ED3A7E371872367F572D /* WordListViewController.m in Sources */ = {isa = PBXBuildFile; fileRef = BE48E29FC619F4D67CAD7289 /* WordListViewController.m */; };
		BE48ED3C0C608E8DC14251BC /* PostDownloader.m in Sources */ = {isa = PBXBuildFile; fileRef = BE48E8A2AC414440211607D4 /* PostDownloader.m */; };
		BE48ED8D8427EE8EE50B31F5 /* ielts1200.txt in Resources */ = {isa = PBXBuildFile; fileRef = BE48EAA18C9FF9818A7215AB /* ielts1200.txt */; };
		BE48EDA98BEA6CFFB55BF858 /* SevenTimesIAPHelper.m in Sources */ = {isa = PBXBuildFile; fileRef = BE48ED0F8FAEE26BF481C120 /* SevenTimesIAPHelper.m */; };
		BE48EE5B6F6B70EABAE65D73 /* UIView+FindFirstResponder.m in Sources */ = {isa = PBXBuildFile; fileRef = BE48EC1E47DD10F7D21010FD /* UIView+FindFirstResponder.m */; };
		BE48EE5BB2AA800B1C973C13 /* DotView.m in Sources */ = {isa = PBXBuildFile; fileRef = BE48E7CC2B7021E380FDFC5C /* DotView.m */; };
		BE48EF68D8C668B8E923D14A /* gmat.txt in Resources */ = {isa = PBXBuildFile; fileRef = BE48E2F53444BB8067BED03C /* gmat.txt */; };
/* End PBXBuildFile section */

/* Begin PBXContainerItemProxy section */
		9C1C9C3017DF081900BCC341 /* PBXContainerItemProxy */ = {
			isa = PBXContainerItemProxy;
			containerPortal = 9C1C9BFA17DF081800BCC341 /* Project object */;
			proxyType = 1;
			remoteGlobalIDString = 9C1C9C0117DF081900BCC341;
			remoteInfo = 7times;
		};
/* End PBXContainerItemProxy section */

/* Begin PBXFileReference section */
		04544EC315E9449C8A0EC3F9 /* Pods-7timesTests.xcconfig */ = {isa = PBXFileReference; includeInIndex = 1; lastKnownFileType = text.xcconfig; name = "Pods-7timesTests.xcconfig"; path = "Pods/Pods-7timesTests.xcconfig"; sourceTree = SOURCE_ROOT; };
		6841FC7D7A04498584CCBE78 /* Pods.xcconfig */ = {isa = PBXFileReference; includeInIndex = 1; lastKnownFileType = text.xcconfig; name = Pods.xcconfig; path = Pods/Pods.xcconfig; sourceTree = SOURCE_ROOT; };
		8EAF01890F64411B98FBC99F /* libPods.a */ = {isa = PBXFileReference; explicitFileType = archive.ar; includeInIndex = 0; path = libPods.a; sourceTree = BUILT_PRODUCTS_DIR; };
		9C1C9C0217DF081900BCC341 /* 7times.app */ = {isa = PBXFileReference; explicitFileType = wrapper.application; includeInIndex = 0; path = 7times.app; sourceTree = BUILT_PRODUCTS_DIR; };
		9C1C9C0517DF081900BCC341 /* UIKit.framework */ = {isa = PBXFileReference; lastKnownFileType = wrapper.framework; name = UIKit.framework; path = System/Library/Frameworks/UIKit.framework; sourceTree = SDKROOT; };
		9C1C9C0717DF081900BCC341 /* Foundation.framework */ = {isa = PBXFileReference; lastKnownFileType = wrapper.framework; name = Foundation.framework; path = System/Library/Frameworks/Foundation.framework; sourceTree = SDKROOT; };
		9C1C9C0917DF081900BCC341 /* CoreGraphics.framework */ = {isa = PBXFileReference; lastKnownFileType = wrapper.framework; name = CoreGraphics.framework; path = System/Library/Frameworks/CoreGraphics.framework; sourceTree = SDKROOT; };
		9C1C9C0D17DF081900BCC341 /* 7times-Info.plist */ = {isa = PBXFileReference; lastKnownFileType = text.plist.xml; path = "7times-Info.plist"; sourceTree = "<group>"; };
		9C1C9C0F17DF081900BCC341 /* en */ = {isa = PBXFileReference; lastKnownFileType = text.plist.strings; name = en; path = en.lproj/InfoPlist.strings; sourceTree = "<group>"; };
		9C1C9C1117DF081900BCC341 /* main.m */ = {isa = PBXFileReference; lastKnownFileType = sourcecode.c.objc; path = main.m; sourceTree = "<group>"; };
		9C1C9C1317DF081900BCC341 /* 7times-Prefix.pch */ = {isa = PBXFileReference; lastKnownFileType = sourcecode.c.h; path = "7times-Prefix.pch"; sourceTree = "<group>"; };
		9C1C9C1417DF081900BCC341 /* AppDelegate.h */ = {isa = PBXFileReference; lastKnownFileType = sourcecode.c.h; path = AppDelegate.h; sourceTree = "<group>"; };
		9C1C9C1517DF081900BCC341 /* AppDelegate.m */ = {isa = PBXFileReference; lastKnownFileType = sourcecode.c.objc; path = AppDelegate.m; sourceTree = "<group>"; };
		9C1C9C1717DF081900BCC341 /* Default.png */ = {isa = PBXFileReference; lastKnownFileType = image.png; path = Default.png; sourceTree = "<group>"; };
		9C1C9C1917DF081900BCC341 /* Default@2x.png */ = {isa = PBXFileReference; lastKnownFileType = image.png; path = "Default@2x.png"; sourceTree = "<group>"; };
		9C1C9C1B17DF081900BCC341 /* Default-568h@2x.png */ = {isa = PBXFileReference; lastKnownFileType = image.png; path = "Default-568h@2x.png"; sourceTree = "<group>"; };
		9C1C9C1E17DF081900BCC341 /* en */ = {isa = PBXFileReference; lastKnownFileType = file.storyboard; name = en; path = en.lproj/MainStoryboard_iPhone.storyboard; sourceTree = "<group>"; };
		9C1C9C2117DF081900BCC341 /* en */ = {isa = PBXFileReference; lastKnownFileType = file.storyboard; name = en; path = en.lproj/MainStoryboard_iPad.storyboard; sourceTree = "<group>"; };
		9C1C9C2317DF081900BCC341 /* IPadViewController.h */ = {isa = PBXFileReference; lastKnownFileType = sourcecode.c.h; path = IPadViewController.h; sourceTree = "<group>"; };
		9C1C9C2417DF081900BCC341 /* IPadViewController.m */ = {isa = PBXFileReference; lastKnownFileType = sourcecode.c.objc; path = IPadViewController.m; sourceTree = "<group>"; };
		9C1C9C2B17DF081900BCC341 /* 7timesTests.octest */ = {isa = PBXFileReference; explicitFileType = wrapper.cfbundle; includeInIndex = 0; path = 7timesTests.octest; sourceTree = BUILT_PRODUCTS_DIR; };
		9C1C9C2C17DF081900BCC341 /* SenTestingKit.framework */ = {isa = PBXFileReference; lastKnownFileType = wrapper.framework; name = SenTestingKit.framework; path = Library/Frameworks/SenTestingKit.framework; sourceTree = DEVELOPER_DIR; };
		9C1C9C3417DF081900BCC341 /* 7timesTests-Info.plist */ = {isa = PBXFileReference; lastKnownFileType = text.plist.xml; path = "7timesTests-Info.plist"; sourceTree = "<group>"; };
		9C1C9C3617DF081900BCC341 /* en */ = {isa = PBXFileReference; lastKnownFileType = text.plist.strings; name = en; path = en.lproj/InfoPlist.strings; sourceTree = "<group>"; };
		9C1C9C3917DF081900BCC341 /* _timesTests.m */ = {isa = PBXFileReference; lastKnownFileType = sourcecode.c.objc; path = _timesTests.m; sourceTree = "<group>"; };
		9C1C9C4417E1C9FA00BCC341 /* Model.xcdatamodel */ = {isa = PBXFileReference; lastKnownFileType = wrapper.xcdatamodel; path = Model.xcdatamodel; sourceTree = "<group>"; };
		9C748668180539A5000C0E42 /* SystemConfiguration.framework */ = {isa = PBXFileReference; lastKnownFileType = wrapper.framework; name = SystemConfiguration.framework; path = System/Library/Frameworks/SystemConfiguration.framework; sourceTree = SDKROOT; };
		9C74866A18053A2E000C0E42 /* Security.framework */ = {isa = PBXFileReference; lastKnownFileType = wrapper.framework; name = Security.framework; path = System/Library/Frameworks/Security.framework; sourceTree = SDKROOT; };
		9C74866C18053A3D000C0E42 /* AdSupport.framework */ = {isa = PBXFileReference; lastKnownFileType = wrapper.framework; name = AdSupport.framework; path = System/Library/Frameworks/AdSupport.framework; sourceTree = SDKROOT; };
		9C74866E1807DC27000C0E42 /* CoreData.framework */ = {isa = PBXFileReference; lastKnownFileType = wrapper.framework; name = CoreData.framework; path = System/Library/Frameworks/CoreData.framework; sourceTree = SDKROOT; };
		9CBEC8191817817A002FE3FB /* 7times logo@80.png */ = {isa = PBXFileReference; lastKnownFileType = image.png; path = "7times logo@80.png"; sourceTree = "<group>"; };
		9CBEC81A18178200002FE3FB /* 7times logo@58.png */ = {isa = PBXFileReference; lastKnownFileType = image.png; path = "7times logo@58.png"; sourceTree = "<group>"; };
		9CBEC81B18178C51002FE3FB /* splash@960.PNG */ = {isa = PBXFileReference; lastKnownFileType = image.png; path = "splash@960.PNG"; sourceTree = "<group>"; };
		9CBEC81C18178C5E002FE3FB /* splash@1136.png */ = {isa = PBXFileReference; lastKnownFileType = image.png; path = "splash@1136.png"; sourceTree = "<group>"; };
		9CBEC8A41826A680002FE3FB /* 7times logo@57.png */ = {isa = PBXFileReference; lastKnownFileType = image.png; path = "7times logo@57.png"; sourceTree = "<group>"; };
		9CBEC8A51826A693002FE3FB /* 7times logo@114.png */ = {isa = PBXFileReference; lastKnownFileType = image.png; path = "7times logo@114.png"; sourceTree = "<group>"; };
		9CBEC8A61826A6BE002FE3FB /* 7times logo@29.png */ = {isa = PBXFileReference; lastKnownFileType = image.png; path = "7times logo@29.png"; sourceTree = "<group>"; };
		9CF0C9DE180E9B0900658EBA /* Model.1.1.xcdatamodel */ = {isa = PBXFileReference; lastKnownFileType = wrapper.xcdatamodel; path = Model.1.1.xcdatamodel; sourceTree = "<group>"; };
		9CF0CA12180FEEB400658EBA /* 7times logo@120.png */ = {isa = PBXFileReference; lastKnownFileType = image.png; path = "7times logo@120.png"; sourceTree = "<group>"; };
		9CF0CA141810C61000658EBA /* Word.h */ = {isa = PBXFileReference; fileEncoding = 4; lastKnownFileType = sourcecode.c.h; path = Word.h; sourceTree = "<group>"; };
		9CF0CA151810C61000658EBA /* Word.m */ = {isa = PBXFileReference; fileEncoding = 4; lastKnownFileType = sourcecode.c.objc; path = Word.m; sourceTree = "<group>"; };
		9CF0CA171810C61100658EBA /* Check.h */ = {isa = PBXFileReference; fileEncoding = 4; lastKnownFileType = sourcecode.c.h; path = Check.h; sourceTree = "<group>"; };
		9CF0CA181810C61100658EBA /* Check.m */ = {isa = PBXFileReference; fileEncoding = 4; lastKnownFileType = sourcecode.c.objc; path = Check.m; sourceTree = "<group>"; };
		9CF0CA1A1810C61100658EBA /* Post.h */ = {isa = PBXFileReference; fileEncoding = 4; lastKnownFileType = sourcecode.c.h; path = Post.h; sourceTree = "<group>"; };
		9CF0CA1B1810C61100658EBA /* Post.m */ = {isa = PBXFileReference; fileEncoding = 4; lastKnownFileType = sourcecode.c.objc; path = Post.m; sourceTree = "<group>"; };
		9CF0CA1D181116FB00658EBA /* StoreKit.framework */ = {isa = PBXFileReference; lastKnownFileType = wrapper.framework; name = StoreKit.framework; path = System/Library/Frameworks/StoreKit.framework; sourceTree = SDKROOT; };
		9CFB492617E715E9005755B6 /* 7times.entitlements */ = {isa = PBXFileReference; lastKnownFileType = text.xml; path = 7times.entitlements; sourceTree = "<group>"; };
		B97D08A668EB491E9F8B48AA /* libPods-7timesTests.a */ = {isa = PBXFileReference; explicitFileType = archive.ar; includeInIndex = 0; path = "libPods-7timesTests.a"; sourceTree = BUILT_PRODUCTS_DIR; };
		BE48E00EE44FBAB6FDDBE232 /* libFlurry_4.2.4.a */ = {isa = PBXFileReference; lastKnownFileType = archive.ar; name = libFlurry_4.2.4.a; path = Flurry/libFlurry_4.2.4.a; sourceTree = SOURCE_ROOT; };
		BE48E1EBCA1B38425D9197FB /* WordListViewController.h */ = {isa = PBXFileReference; fileEncoding = 4; lastKnownFileType = sourcecode.c.h; path = WordListViewController.h; sourceTree = "<group>"; };
		BE48E29FC619F4D67CAD7289 /* WordListViewController.m */ = {isa = PBXFileReference; fileEncoding = 4; lastKnownFileType = sourcecode.c.objc; path = WordListViewController.m; sourceTree = "<group>"; };
		BE48E2F53444BB8067BED03C /* gmat.txt */ = {isa = PBXFileReference; fileEncoding = 4; lastKnownFileType = text; path = gmat.txt; sourceTree = SOURCE_ROOT; };
		BE48E32881AE19D976820BC6 /* IAPHelper.m */ = {isa = PBXFileReference; fileEncoding = 4; lastKnownFileType = sourcecode.c.objc; path = IAPHelper.m; sourceTree = "<group>"; };
		BE48E45177D0DFE08B2052C7 /* UIView+FindFirstResponder.h */ = {isa = PBXFileReference; fileEncoding = 4; lastKnownFileType = sourcecode.c.h; path = "UIView+FindFirstResponder.h"; sourceTree = "<group>"; };
		BE48E4C71A8D463466C56BC4 /* gre.txt */ = {isa = PBXFileReference; fileEncoding = 4; lastKnownFileType = text; path = gre.txt; sourceTree = SOURCE_ROOT; };
		BE48E50A0F0BFC0D59E731EB /* sat.txt */ = {isa = PBXFileReference; fileEncoding = 4; lastKnownFileType = text; path = sat.txt; sourceTree = SOURCE_ROOT; };
		BE48E5426FA50E7B12BA3C9F /* WordListManager.h */ = {isa = PBXFileReference; fileEncoding = 4; lastKnownFileType = sourcecode.c.h; path = WordListManager.h; sourceTree = "<group>"; };
		BE48E555847B0457DC217B20 /* WordListManager.m */ = {isa = PBXFileReference; fileEncoding = 4; lastKnownFileType = sourcecode.c.objc; path = WordListManager.m; sourceTree = "<group>"; };
		BE48E58BA5FE61849BB6CFB9 /* GoogleNewsSource.h */ = {isa = PBXFileReference; fileEncoding = 4; lastKnownFileType = sourcecode.c.h; path = GoogleNewsSource.h; sourceTree = "<group>"; };
		BE48E663F77584937365BCA3 /* NSURL+QueryString.h */ = {isa = PBXFileReference; fileEncoding = 4; lastKnownFileType = sourcecode.c.h; path = "NSURL+QueryString.h"; sourceTree = "<group>"; };
		BE48E76B1C1024C383CEBB24 /* IPhoneViewController.h */ = {isa = PBXFileReference; fileEncoding = 4; lastKnownFileType = sourcecode.c.h; path = IPhoneViewController.h; sourceTree = "<group>"; };
		BE48E77AD3CF8872FFDD8E2E /* PostManager.m */ = {isa = PBXFileReference; fileEncoding = 4; lastKnownFileType = sourcecode.c.objc; path = PostManager.m; sourceTree = "<group>"; };
		BE48E7CC2B7021E380FDFC5C /* DotView.m */ = {isa = PBXFileReference; fileEncoding = 4; lastKnownFileType = sourcecode.c.objc; path = DotView.m; sourceTree = "<group>"; };
		BE48E8201149365399524F87 /* WordList.h */ = {isa = PBXFileReference; fileEncoding = 4; lastKnownFileType = sourcecode.c.h; path = WordList.h; sourceTree = "<group>"; };
		BE48E848407A024A8C813BA8 /* IAPHelper.h */ = {isa = PBXFileReference; fileEncoding = 4; lastKnownFileType = sourcecode.c.h; path = IAPHelper.h; sourceTree = "<group>"; };
		BE48E8A2AC414440211607D4 /* PostDownloader.m */ = {isa = PBXFileReference; fileEncoding = 4; lastKnownFileType = sourcecode.c.objc; path = PostDownloader.m; sourceTree = "<group>"; };
		BE48E8B97A0F96995FA5CD69 /* Word+Util.h */ = {isa = PBXFileReference; fileEncoding = 4; lastKnownFileType = sourcecode.c.h; path = "Word+Util.h"; sourceTree = "<group>"; };
		BE48E9A1047F8B0D3BFE4C49 /* cet4.txt */ = {isa = PBXFileReference; fileEncoding = 4; lastKnownFileType = text; path = cet4.txt; sourceTree = SOURCE_ROOT; };
		BE48EA0106C59259FE320B37 /* SLSharedConfig.m */ = {isa = PBXFileReference; fileEncoding = 4; lastKnownFileType = sourcecode.c.objc; path = SLSharedConfig.m; sourceTree = "<group>"; };
		BE48EA0B6C37D4E4EC987410 /* WordList.m */ = {isa = PBXFileReference; fileEncoding = 4; lastKnownFileType = sourcecode.c.objc; path = WordList.m; sourceTree = "<group>"; };
		BE48EA2354CA3EBD5481DFC9 /* DotView.h */ = {isa = PBXFileReference; fileEncoding = 4; lastKnownFileType = sourcecode.c.h; path = DotView.h; sourceTree = "<group>"; };
		BE48EA2F8A83E5038FAEF779 /* PostManager.h */ = {isa = PBXFileReference; fileEncoding = 4; lastKnownFileType = sourcecode.c.h; path = PostManager.h; sourceTree = "<group>"; };
		BE48EA6F11A9E90B4789DB96 /* PostDownloader.h */ = {isa = PBXFileReference; fileEncoding = 4; lastKnownFileType = sourcecode.c.h; path = PostDownloader.h; sourceTree = "<group>"; };
		BE48EA746404EF689745BBCD /* cet6.txt */ = {isa = PBXFileReference; fileEncoding = 4; lastKnownFileType = text; path = cet6.txt; sourceTree = SOURCE_ROOT; };
		BE48EAA18C9FF9818A7215AB /* ielts1200.txt */ = {isa = PBXFileReference; fileEncoding = 4; lastKnownFileType = text; path = ielts1200.txt; sourceTree = SOURCE_ROOT; };
		BE48EAA9043FC01C78BDF890 /* SLSharedConfig.h */ = {isa = PBXFileReference; fileEncoding = 4; lastKnownFileType = sourcecode.c.h; path = SLSharedConfig.h; sourceTree = "<group>"; };
		BE48EAE1979969C6B7907A23 /* NSURL+QueryString.m */ = {isa = PBXFileReference; fileEncoding = 4; lastKnownFileType = sourcecode.c.objc; path = "NSURL+QueryString.m"; sourceTree = "<group>"; };
		BE48EBCDEC1039A77311A1BD /* tofle.txt */ = {isa = PBXFileReference; fileEncoding = 4; lastKnownFileType = text; path = tofle.txt; sourceTree = SOURCE_ROOT; };
		BE48EC1E47DD10F7D21010FD /* UIView+FindFirstResponder.m */ = {isa = PBXFileReference; fileEncoding = 4; lastKnownFileType = sourcecode.c.objc; path = "UIView+FindFirstResponder.m"; sourceTree = "<group>"; };
		BE48ECC05168E10F9F382F43 /* IPhoneViewController.m */ = {isa = PBXFileReference; fileEncoding = 4; lastKnownFileType = sourcecode.c.objc; path = IPhoneViewController.m; sourceTree = "<group>"; };
		BE48ECD8C3AC4174F3920BB8 /* Flurry.h */ = {isa = PBXFileReference; fileEncoding = 4; lastKnownFileType = sourcecode.c.h; name = Flurry.h; path = Flurry/Flurry.h; sourceTree = SOURCE_ROOT; };
		BE48ED0F8FAEE26BF481C120 /* SevenTimesIAPHelper.m */ = {isa = PBXFileReference; fileEncoding = 4; lastKnownFileType = sourcecode.c.objc; path = SevenTimesIAPHelper.m; sourceTree = "<group>"; };
		BE48EE296B7C5DECC279AD67 /* GoogleNewsSource.m */ = {isa = PBXFileReference; fileEncoding = 4; lastKnownFileType = sourcecode.c.objc; path = GoogleNewsSource.m; sourceTree = "<group>"; };
		BE48EE43F2591308B9B53D2A /* Word+Util.m */ = {isa = PBXFileReference; fileEncoding = 4; lastKnownFileType = sourcecode.c.objc; path = "Word+Util.m"; sourceTree = "<group>"; };
		BE48EEDCA07E509590F29A84 /* SevenTimesIAPHelper.h */ = {isa = PBXFileReference; fileEncoding = 4; lastKnownFileType = sourcecode.c.h; path = SevenTimesIAPHelper.h; sourceTree = "<group>"; };
/* End PBXFileReference section */

/* Begin PBXFrameworksBuildPhase section */
		9C1C9BFF17DF081900BCC341 /* Frameworks */ = {
			isa = PBXFrameworksBuildPhase;
			buildActionMask = 2147483647;
			files = (
				9CF0CA1E181116FB00658EBA /* StoreKit.framework in Frameworks */,
				9C74866D18053A3D000C0E42 /* AdSupport.framework in Frameworks */,
				9C74866B18053A2E000C0E42 /* Security.framework in Frameworks */,
				9C748669180539A5000C0E42 /* SystemConfiguration.framework in Frameworks */,
				9C1C9C0617DF081900BCC341 /* UIKit.framework in Frameworks */,
				9C1C9C0817DF081900BCC341 /* Foundation.framework in Frameworks */,
				9C1C9C0A17DF081900BCC341 /* CoreGraphics.framework in Frameworks */,
				B03CBD163C7D4B169253E2F5 /* libPods.a in Frameworks */,
				BE48E5C01B040F6108021898 /* libFlurry_4.2.4.a in Frameworks */,
			);
			runOnlyForDeploymentPostprocessing = 0;
		};
		9C1C9C2717DF081900BCC341 /* Frameworks */ = {
			isa = PBXFrameworksBuildPhase;
			buildActionMask = 2147483647;
			files = (
				9C74866F1807DC27000C0E42 /* CoreData.framework in Frameworks */,
				9C1C9C2D17DF081900BCC341 /* SenTestingKit.framework in Frameworks */,
				9C1C9C2E17DF081900BCC341 /* UIKit.framework in Frameworks */,
				9C1C9C2F17DF081900BCC341 /* Foundation.framework in Frameworks */,
				15F046207CE74F4EB83DA443 /* libPods-7timesTests.a in Frameworks */,
			);
			runOnlyForDeploymentPostprocessing = 0;
		};
/* End PBXFrameworksBuildPhase section */

/* Begin PBXGroup section */
		9C1C9BF917DF081800BCC341 = {
			isa = PBXGroup;
			children = (
				9CBEC8A61826A6BE002FE3FB /* 7times logo@29.png */,
				9CBEC8A51826A693002FE3FB /* 7times logo@114.png */,
				9CBEC8A41826A680002FE3FB /* 7times logo@57.png */,
				9CBEC81C18178C5E002FE3FB /* splash@1136.png */,
				9CBEC81B18178C51002FE3FB /* splash@960.PNG */,
				9CBEC81A18178200002FE3FB /* 7times logo@58.png */,
				9CBEC8191817817A002FE3FB /* 7times logo@80.png */,
				9CF0CA12180FEEB400658EBA /* 7times logo@120.png */,
				9C1C9C0B17DF081900BCC341 /* 7times */,
				9C1C9C3217DF081900BCC341 /* 7timesTests */,
				9C1C9C0417DF081900BCC341 /* Frameworks */,
				9C1C9C0317DF081900BCC341 /* Products */,
				9C1C9C4317E1C9FA00BCC341 /* Model.xcdatamodeld */,
				9CF0CA141810C61000658EBA /* Word.h */,
				9CF0CA151810C61000658EBA /* Word.m */,
				9CF0CA171810C61100658EBA /* Check.h */,
				9CF0CA181810C61100658EBA /* Check.m */,
				9CF0CA1A1810C61100658EBA /* Post.h */,
				9CF0CA1B1810C61100658EBA /* Post.m */,
				6841FC7D7A04498584CCBE78 /* Pods.xcconfig */,
				04544EC315E9449C8A0EC3F9 /* Pods-7timesTests.xcconfig */,
			);
			sourceTree = "<group>";
		};
		9C1C9C0317DF081900BCC341 /* Products */ = {
			isa = PBXGroup;
			children = (
				9C1C9C0217DF081900BCC341 /* 7times.app */,
				9C1C9C2B17DF081900BCC341 /* 7timesTests.octest */,
			);
			name = Products;
			sourceTree = "<group>";
		};
		9C1C9C0417DF081900BCC341 /* Frameworks */ = {
			isa = PBXGroup;
			children = (
				9CF0CA1D181116FB00658EBA /* StoreKit.framework */,
				9C74866E1807DC27000C0E42 /* CoreData.framework */,
				9C74866C18053A3D000C0E42 /* AdSupport.framework */,
				9C74866A18053A2E000C0E42 /* Security.framework */,
				9C748668180539A5000C0E42 /* SystemConfiguration.framework */,
				9C1C9C0517DF081900BCC341 /* UIKit.framework */,
				9C1C9C0717DF081900BCC341 /* Foundation.framework */,
				9C1C9C0917DF081900BCC341 /* CoreGraphics.framework */,
				9C1C9C2C17DF081900BCC341 /* SenTestingKit.framework */,
				8EAF01890F64411B98FBC99F /* libPods.a */,
				B97D08A668EB491E9F8B48AA /* libPods-7timesTests.a */,
			);
			name = Frameworks;
			sourceTree = "<group>";
		};
		9C1C9C0B17DF081900BCC341 /* 7times */ = {
			isa = PBXGroup;
			children = (
				9CFB492617E715E9005755B6 /* 7times.entitlements */,
				9C1C9C1417DF081900BCC341 /* AppDelegate.h */,
				9C1C9C1517DF081900BCC341 /* AppDelegate.m */,
				9C1C9C1D17DF081900BCC341 /* MainStoryboard_iPhone.storyboard */,
				9C1C9C2017DF081900BCC341 /* MainStoryboard_iPad.storyboard */,
				9C1C9C2317DF081900BCC341 /* IPadViewController.h */,
				9C1C9C2417DF081900BCC341 /* IPadViewController.m */,
				9C1C9C0C17DF081900BCC341 /* Supporting Files */,
				BE48EA0106C59259FE320B37 /* SLSharedConfig.m */,
				BE48EAA9043FC01C78BDF890 /* SLSharedConfig.h */,
				BE48E7CC2B7021E380FDFC5C /* DotView.m */,
				BE48EA2354CA3EBD5481DFC9 /* DotView.h */,
				BE48ECC05168E10F9F382F43 /* IPhoneViewController.m */,
				BE48E76B1C1024C383CEBB24 /* IPhoneViewController.h */,
				BE48E77AD3CF8872FFDD8E2E /* PostManager.m */,
				BE48EA2F8A83E5038FAEF779 /* PostManager.h */,
				BE48EC1E47DD10F7D21010FD /* UIView+FindFirstResponder.m */,
				BE48E45177D0DFE08B2052C7 /* UIView+FindFirstResponder.h */,
				BE48EE43F2591308B9B53D2A /* Word+Util.m */,
				BE48E8B97A0F96995FA5CD69 /* Word+Util.h */,
				BE48ECD8C3AC4174F3920BB8 /* Flurry.h */,
				BE48E00EE44FBAB6FDDBE232 /* libFlurry_4.2.4.a */,
				BE48EAE1979969C6B7907A23 /* NSURL+QueryString.m */,
				BE48E663F77584937365BCA3 /* NSURL+QueryString.h */,
				BE48E8A2AC414440211607D4 /* PostDownloader.m */,
				BE48EA6F11A9E90B4789DB96 /* PostDownloader.h */,
				BE48EE296B7C5DECC279AD67 /* GoogleNewsSource.m */,
				BE48E58BA5FE61849BB6CFB9 /* GoogleNewsSource.h */,
				BE48E29FC619F4D67CAD7289 /* WordListViewController.m */,
				BE48E1EBCA1B38425D9197FB /* WordListViewController.h */,
				BE48EA0B6C37D4E4EC987410 /* WordList.m */,
				BE48E8201149365399524F87 /* WordList.h */,
				BE48E555847B0457DC217B20 /* WordListManager.m */,
				BE48E5426FA50E7B12BA3C9F /* WordListManager.h */,
				BE48ECF04E81B8EE57B43120 /* IAP */,
			);
			path = 7times;
			sourceTree = "<group>";
		};
		9C1C9C0C17DF081900BCC341 /* Supporting Files */ = {
			isa = PBXGroup;
			children = (
				9C1C9C0D17DF081900BCC341 /* 7times-Info.plist */,
				9C1C9C0E17DF081900BCC341 /* InfoPlist.strings */,
				9C1C9C1117DF081900BCC341 /* main.m */,
				9C1C9C1317DF081900BCC341 /* 7times-Prefix.pch */,
				9C1C9C1717DF081900BCC341 /* Default.png */,
				9C1C9C1917DF081900BCC341 /* Default@2x.png */,
				9C1C9C1B17DF081900BCC341 /* Default-568h@2x.png */,
				BE48E50A0F0BFC0D59E731EB /* sat.txt */,
				BE48EBCDEC1039A77311A1BD /* tofle.txt */,
				BE48E2F53444BB8067BED03C /* gmat.txt */,
				BE48E9A1047F8B0D3BFE4C49 /* cet4.txt */,
				BE48EA746404EF689745BBCD /* cet6.txt */,
				BE48E4C71A8D463466C56BC4 /* gre.txt */,
				BE48EAA18C9FF9818A7215AB /* ielts1200.txt */,
			);
			name = "Supporting Files";
			sourceTree = "<group>";
		};
		9C1C9C3217DF081900BCC341 /* 7timesTests */ = {
			isa = PBXGroup;
			children = (
				9C1C9C3917DF081900BCC341 /* _timesTests.m */,
				9C1C9C3317DF081900BCC341 /* Supporting Files */,
			);
			path = 7timesTests;
			sourceTree = "<group>";
		};
		9C1C9C3317DF081900BCC341 /* Supporting Files */ = {
			isa = PBXGroup;
			children = (
				9C1C9C3417DF081900BCC341 /* 7timesTests-Info.plist */,
				9C1C9C3517DF081900BCC341 /* InfoPlist.strings */,
			);
			name = "Supporting Files";
			sourceTree = "<group>";
		};
		BE48ECF04E81B8EE57B43120 /* IAP */ = {
			isa = PBXGroup;
			children = (
				BE48E848407A024A8C813BA8 /* IAPHelper.h */,
				BE48E32881AE19D976820BC6 /* IAPHelper.m */,
				BE48EEDCA07E509590F29A84 /* SevenTimesIAPHelper.h */,
				BE48ED0F8FAEE26BF481C120 /* SevenTimesIAPHelper.m */,
			);
			path = IAP;
			sourceTree = "<group>";
		};
/* End PBXGroup section */

/* Begin PBXNativeTarget section */
		9C1C9C0117DF081900BCC341 /* 7times */ = {
			isa = PBXNativeTarget;
			buildConfigurationList = 9C1C9C3D17DF081900BCC341 /* Build configuration list for PBXNativeTarget "7times" */;
			buildPhases = (
				D5B3EBBFE9D8455F92FDBFFD /* Check Pods Manifest.lock */,
				9C1C9BFE17DF081900BCC341 /* Sources */,
				9C1C9BFF17DF081900BCC341 /* Frameworks */,
				9C1C9C0017DF081900BCC341 /* Resources */,
				DB9241C2A73E496C96DF5237 /* Copy Pods Resources */,
			);
			buildRules = (
			);
			dependencies = (
			);
			name = 7times;
			productName = 7times;
			productReference = 9C1C9C0217DF081900BCC341 /* 7times.app */;
			productType = "com.apple.product-type.application";
		};
		9C1C9C2A17DF081900BCC341 /* 7timesTests */ = {
			isa = PBXNativeTarget;
			buildConfigurationList = 9C1C9C4017DF081900BCC341 /* Build configuration list for PBXNativeTarget "7timesTests" */;
			buildPhases = (
				1DD8285154874793A5BCB9F4 /* Check Pods Manifest.lock */,
				9C1C9C2617DF081900BCC341 /* Sources */,
				9C1C9C2717DF081900BCC341 /* Frameworks */,
				9C1C9C2817DF081900BCC341 /* Resources */,
				9C1C9C2917DF081900BCC341 /* ShellScript */,
				5CDD7150E1C347AEAB584234 /* Copy Pods Resources */,
			);
			buildRules = (
			);
			dependencies = (
				9C1C9C3117DF081900BCC341 /* PBXTargetDependency */,
			);
			name = 7timesTests;
			productName = 7timesTests;
			productReference = 9C1C9C2B17DF081900BCC341 /* 7timesTests.octest */;
			productType = "com.apple.product-type.bundle";
		};
/* End PBXNativeTarget section */

/* Begin PBXProject section */
		9C1C9BFA17DF081800BCC341 /* Project object */ = {
			isa = PBXProject;
			attributes = {
				LastUpgradeCheck = 0460;
				ORGANIZATIONNAME = "Li Shuo";
				TargetAttributes = {
					9C1C9C0117DF081900BCC341 = {
						DevelopmentTeam = Q658KUUNJA;
						SystemCapabilities = {
							com.apple.iCloud = {
								enabled = 1;
							};
						};
					};
				};
			};
			buildConfigurationList = 9C1C9BFD17DF081800BCC341 /* Build configuration list for PBXProject "7times" */;
			compatibilityVersion = "Xcode 3.2";
			developmentRegion = English;
			hasScannedForEncodings = 0;
			knownRegions = (
				en,
			);
			mainGroup = 9C1C9BF917DF081800BCC341;
			productRefGroup = 9C1C9C0317DF081900BCC341 /* Products */;
			projectDirPath = "";
			projectRoot = "";
			targets = (
				9C1C9C0117DF081900BCC341 /* 7times */,
				9C1C9C2A17DF081900BCC341 /* 7timesTests */,
			);
		};
/* End PBXProject section */

/* Begin PBXResourcesBuildPhase section */
		9C1C9C0017DF081900BCC341 /* Resources */ = {
			isa = PBXResourcesBuildPhase;
			buildActionMask = 2147483647;
			files = (
				9CD4471A1826A71F00EC1D04 /* 7times logo@29.png in Resources */,
				9CD4471B1826A71F00EC1D04 /* 7times logo@114.png in Resources */,
				9CD4471C1826A71F00EC1D04 /* 7times logo@57.png in Resources */,
				9CBEC8A21826A4DE002FE3FB /* 7times logo@58.png in Resources */,
				9CBEC8A31826A4DE002FE3FB /* 7times logo@80.png in Resources */,
				9CBEC838181F84A7002FE3FB /* splash@1136.png in Resources */,
				9CBEC839181F84A7002FE3FB /* splash@960.PNG in Resources */,
				9CF0CA13180FEFE800658EBA /* 7times logo@120.png in Resources */,
				9C1C9C1017DF081900BCC341 /* InfoPlist.strings in Resources */,
				9C1C9C1817DF081900BCC341 /* Default.png in Resources */,
				9C1C9C1A17DF081900BCC341 /* Default@2x.png in Resources */,
				9C1C9C1C17DF081900BCC341 /* Default-568h@2x.png in Resources */,
				9C1C9C1F17DF081900BCC341 /* MainStoryboard_iPhone.storyboard in Resources */,
				9C1C9C2217DF081900BCC341 /* MainStoryboard_iPad.storyboard in Resources */,
				BE48E89ED4B6C4ACAD7B2CAE /* sat.txt in Resources */,
				BE48E3AB1ED3D1DB95DF68F4 /* tofle.txt in Resources */,
				BE48EF68D8C668B8E923D14A /* gmat.txt in Resources */,
				BE48E609165404AAF6EE92B1 /* cet4.txt in Resources */,
				BE48E41AC7A38C172F9C3770 /* cet6.txt in Resources */,
				BE48E60DF0F351D5D27D62B7 /* gre.txt in Resources */,
				BE48ED8D8427EE8EE50B31F5 /* ielts1200.txt in Resources */,
			);
			runOnlyForDeploymentPostprocessing = 0;
		};
		9C1C9C2817DF081900BCC341 /* Resources */ = {
			isa = PBXResourcesBuildPhase;
			buildActionMask = 2147483647;
			files = (
				9C1C9C3717DF081900BCC341 /* InfoPlist.strings in Resources */,
			);
			runOnlyForDeploymentPostprocessing = 0;
		};
/* End PBXResourcesBuildPhase section */

/* Begin PBXShellScriptBuildPhase section */
		1DD8285154874793A5BCB9F4 /* Check Pods Manifest.lock */ = {
			isa = PBXShellScriptBuildPhase;
			buildActionMask = 2147483647;
			files = (
			);
			inputPaths = (
			);
			name = "Check Pods Manifest.lock";
			outputPaths = (
			);
			runOnlyForDeploymentPostprocessing = 0;
			shellPath = /bin/sh;
			shellScript = "diff \"${PODS_ROOT}/../Podfile.lock\" \"${PODS_ROOT}/Manifest.lock\" > /dev/null\nif [[ $? != 0 ]] ; then\n    cat << EOM\nerror: The sandbox is not in sync with the Podfile.lock. Run 'pod install' or update your CocoaPods installation.\nEOM\n    exit 1\nfi\n";
		};
		5CDD7150E1C347AEAB584234 /* Copy Pods Resources */ = {
			isa = PBXShellScriptBuildPhase;
			buildActionMask = 2147483647;
			files = (
			);
			inputPaths = (
			);
			name = "Copy Pods Resources";
			outputPaths = (
			);
			runOnlyForDeploymentPostprocessing = 0;
			shellPath = /bin/sh;
			shellScript = "\"${SRCROOT}/Pods/Pods-7timesTests-resources.sh\"\n";
		};
		9C1C9C2917DF081900BCC341 /* ShellScript */ = {
			isa = PBXShellScriptBuildPhase;
			buildActionMask = 2147483647;
			files = (
			);
			inputPaths = (
			);
			outputPaths = (
			);
			runOnlyForDeploymentPostprocessing = 0;
			shellPath = /bin/sh;
			shellScript = "# Run the unit tests in this test bundle.\n\"${SYSTEM_DEVELOPER_DIR}/Tools/RunUnitTests\"\n";
		};
		D5B3EBBFE9D8455F92FDBFFD /* Check Pods Manifest.lock */ = {
			isa = PBXShellScriptBuildPhase;
			buildActionMask = 2147483647;
			files = (
			);
			inputPaths = (
			);
			name = "Check Pods Manifest.lock";
			outputPaths = (
			);
			runOnlyForDeploymentPostprocessing = 0;
			shellPath = /bin/sh;
			shellScript = "diff \"${PODS_ROOT}/../Podfile.lock\" \"${PODS_ROOT}/Manifest.lock\" > /dev/null\nif [[ $? != 0 ]] ; then\n    cat << EOM\nerror: The sandbox is not in sync with the Podfile.lock. Run 'pod install' or update your CocoaPods installation.\nEOM\n    exit 1\nfi\n";
		};
		DB9241C2A73E496C96DF5237 /* Copy Pods Resources */ = {
			isa = PBXShellScriptBuildPhase;
			buildActionMask = 2147483647;
			files = (
			);
			inputPaths = (
			);
			name = "Copy Pods Resources";
			outputPaths = (
			);
			runOnlyForDeploymentPostprocessing = 0;
			shellPath = /bin/sh;
			shellScript = "\"${SRCROOT}/Pods/Pods-resources.sh\"\n";
			showEnvVarsInLog = 0;
		};
/* End PBXShellScriptBuildPhase section */

/* Begin PBXSourcesBuildPhase section */
		9C1C9BFE17DF081900BCC341 /* Sources */ = {
			isa = PBXSourcesBuildPhase;
			buildActionMask = 2147483647;
			files = (
				9C1C9C1217DF081900BCC341 /* main.m in Sources */,
				9CF0CA191810C61100658EBA /* Check.m in Sources */,
				9C1C9C1617DF081900BCC341 /* AppDelegate.m in Sources */,
				9C1C9C2517DF081900BCC341 /* IPadViewController.m in Sources */,
				BE48EBF02F6F5860D4E7FE2D /* SLSharedConfig.m in Sources */,
				9C1C9C4517E1C9FA00BCC341 /* Model.xcdatamodeld in Sources */,
				9CF0CA1C1810C61100658EBA /* Post.m in Sources */,
				BE48EE5BB2AA800B1C973C13 /* DotView.m in Sources */,
				9CF0CA161810C61000658EBA /* Word.m in Sources */,
				BE48E928959936F76B265F0A /* IPhoneViewController.m in Sources */,
				BE48ED36873C62B8ACB299D9 /* PostManager.m in Sources */,
				BE48EE5B6F6B70EABAE65D73 /* UIView+FindFirstResponder.m in Sources */,
				BE48EC5D94F6C8E21777C5D9 /* Word+Util.m in Sources */,
				BE48E10A06C0824D271151B6 /* NSURL+QueryString.m in Sources */,
				BE48ED3C0C608E8DC14251BC /* PostDownloader.m in Sources */,
				BE48E93D591D8E1B176496DC /* GoogleNewsSource.m in Sources */,
				BE48ED3A7E371872367F572D /* WordListViewController.m in Sources */,
				BE48E1977E655489A78ED8EA /* WordList.m in Sources */,
				BE48E5417F3290834DAD84DB /* WordListManager.m in Sources */,
				BE48ECD8F70E647D2C23BDF2 /* IAPHelper.m in Sources */,
				BE48EDA98BEA6CFFB55BF858 /* SevenTimesIAPHelper.m in Sources */,
			);
			runOnlyForDeploymentPostprocessing = 0;
		};
		9C1C9C2617DF081900BCC341 /* Sources */ = {
			isa = PBXSourcesBuildPhase;
			buildActionMask = 2147483647;
			files = (
				9C1C9C3A17DF081900BCC341 /* _timesTests.m in Sources */,
			);
			runOnlyForDeploymentPostprocessing = 0;
		};
/* End PBXSourcesBuildPhase section */

/* Begin PBXTargetDependency section */
		9C1C9C3117DF081900BCC341 /* PBXTargetDependency */ = {
			isa = PBXTargetDependency;
			target = 9C1C9C0117DF081900BCC341 /* 7times */;
			targetProxy = 9C1C9C3017DF081900BCC341 /* PBXContainerItemProxy */;
		};
/* End PBXTargetDependency section */

/* Begin PBXVariantGroup section */
		9C1C9C0E17DF081900BCC341 /* InfoPlist.strings */ = {
			isa = PBXVariantGroup;
			children = (
				9C1C9C0F17DF081900BCC341 /* en */,
			);
			name = InfoPlist.strings;
			sourceTree = "<group>";
		};
		9C1C9C1D17DF081900BCC341 /* MainStoryboard_iPhone.storyboard */ = {
			isa = PBXVariantGroup;
			children = (
				9C1C9C1E17DF081900BCC341 /* en */,
			);
			name = MainStoryboard_iPhone.storyboard;
			sourceTree = "<group>";
		};
		9C1C9C2017DF081900BCC341 /* MainStoryboard_iPad.storyboard */ = {
			isa = PBXVariantGroup;
			children = (
				9C1C9C2117DF081900BCC341 /* en */,
			);
			name = MainStoryboard_iPad.storyboard;
			sourceTree = "<group>";
		};
		9C1C9C3517DF081900BCC341 /* InfoPlist.strings */ = {
			isa = PBXVariantGroup;
			children = (
				9C1C9C3617DF081900BCC341 /* en */,
			);
			name = InfoPlist.strings;
			sourceTree = "<group>";
		};
/* End PBXVariantGroup section */

/* Begin XCBuildConfiguration section */
		9C1C9C3B17DF081900BCC341 /* Debug */ = {
			isa = XCBuildConfiguration;
			buildSettings = {
				ALWAYS_SEARCH_USER_PATHS = NO;
				CLANG_CXX_LANGUAGE_STANDARD = "gnu++0x";
				CLANG_CXX_LIBRARY = "libc++";
				CLANG_ENABLE_OBJC_ARC = YES;
				CLANG_WARN_CONSTANT_CONVERSION = YES;
				CLANG_WARN_EMPTY_BODY = YES;
				CLANG_WARN_ENUM_CONVERSION = YES;
				CLANG_WARN_INT_CONVERSION = YES;
				CLANG_WARN__DUPLICATE_METHOD_MATCH = YES;
				"CODE_SIGN_IDENTITY[sdk=iphoneos*]" = "iPhone Developer";
				COPY_PHASE_STRIP = NO;
				GCC_C_LANGUAGE_STANDARD = gnu99;
				GCC_DYNAMIC_NO_PIC = NO;
				GCC_OPTIMIZATION_LEVEL = 0;
				GCC_PREPROCESSOR_DEFINITIONS = (
					"DEBUG=1",
					"$(inherited)",
				);
				GCC_SYMBOLS_PRIVATE_EXTERN = NO;
				GCC_WARN_ABOUT_RETURN_TYPE = YES;
				GCC_WARN_UNINITIALIZED_AUTOS = YES;
				GCC_WARN_UNUSED_VARIABLE = YES;
				IPHONEOS_DEPLOYMENT_TARGET = 6.1;
				ONLY_ACTIVE_ARCH = YES;
				SDKROOT = iphoneos;
				TARGETED_DEVICE_FAMILY = "1,2";
			};
			name = Debug;
		};
		9C1C9C3C17DF081900BCC341 /* Release */ = {
			isa = XCBuildConfiguration;
			buildSettings = {
				ALWAYS_SEARCH_USER_PATHS = NO;
				CLANG_CXX_LANGUAGE_STANDARD = "gnu++0x";
				CLANG_CXX_LIBRARY = "libc++";
				CLANG_ENABLE_OBJC_ARC = YES;
				CLANG_WARN_CONSTANT_CONVERSION = YES;
				CLANG_WARN_EMPTY_BODY = YES;
				CLANG_WARN_ENUM_CONVERSION = YES;
				CLANG_WARN_INT_CONVERSION = YES;
				CLANG_WARN__DUPLICATE_METHOD_MATCH = YES;
				"CODE_SIGN_IDENTITY[sdk=iphoneos*]" = "iPhone Distribution: Shuo Li";
				COPY_PHASE_STRIP = YES;
				GCC_C_LANGUAGE_STANDARD = gnu99;
				GCC_WARN_ABOUT_RETURN_TYPE = YES;
				GCC_WARN_UNINITIALIZED_AUTOS = YES;
				GCC_WARN_UNUSED_VARIABLE = YES;
				IPHONEOS_DEPLOYMENT_TARGET = 6.1;
				OTHER_CFLAGS = "-DNS_BLOCK_ASSERTIONS=1";
				SDKROOT = iphoneos;
				TARGETED_DEVICE_FAMILY = "1,2";
				VALIDATE_PRODUCT = YES;
			};
			name = Release;
		};
		9C1C9C3E17DF081900BCC341 /* Debug */ = {
			isa = XCBuildConfiguration;
			baseConfigurationReference = 6841FC7D7A04498584CCBE78 /* Pods.xcconfig */;
			buildSettings = {
				CODE_SIGN_ENTITLEMENTS = 7times/7times.entitlements;
				CODE_SIGN_IDENTITY = "iPhone Developer";
				"CODE_SIGN_IDENTITY[sdk=iphoneos*]" = "iPhone Developer";
				GCC_PRECOMPILE_PREFIX_HEADER = YES;
				GCC_PREFIX_HEADER = "7times/7times-Prefix.pch";
				INFOPLIST_FILE = "7times/7times-Info.plist";
				IPHONEOS_DEPLOYMENT_TARGET = 6.0;
				LIBRARY_SEARCH_PATHS = "\"${PROJECT_DIR}/Flurry\"/**";
				PRODUCT_NAME = "$(TARGET_NAME)";
				PROVISIONING_PROFILE = "6E0BEF78-05C6-497F-8C63-D82BBCF5CB02";
				TARGETED_DEVICE_FAMILY = 1;
				USER_HEADER_SEARCH_PATHS = "\"${PROJECT_DIR}/Pods\"/**";
				WRAPPER_EXTENSION = app;
			};
			name = Debug;
		};
		9C1C9C3F17DF081900BCC341 /* Release */ = {
			isa = XCBuildConfiguration;
			baseConfigurationReference = 6841FC7D7A04498584CCBE78 /* Pods.xcconfig */;
			buildSettings = {
				CODE_SIGN_ENTITLEMENTS = 7times/7times.entitlements;
				CODE_SIGN_IDENTITY = "iPhone Developer";
				"CODE_SIGN_IDENTITY[sdk=iphoneos*]" = "iPhone Distribution: Shuo Li";
				GCC_PRECOMPILE_PREFIX_HEADER = YES;
				GCC_PREFIX_HEADER = "7times/7times-Prefix.pch";
				INFOPLIST_FILE = "7times/7times-Info.plist";
				IPHONEOS_DEPLOYMENT_TARGET = 6.0;
				LIBRARY_SEARCH_PATHS = "\"${PROJECT_DIR}/Flurry\"/**";
				PRODUCT_NAME = "$(TARGET_NAME)";
				PROVISIONING_PROFILE = "22FB5705-3AF0-4A79-92BE-767448E17152";
				TARGETED_DEVICE_FAMILY = 1;
				USER_HEADER_SEARCH_PATHS = "\"${PROJECT_DIR}/Pods\"/**";
				WRAPPER_EXTENSION = app;
			};
			name = Release;
		};
		9C1C9C4117DF081900BCC341 /* Debug */ = {
			isa = XCBuildConfiguration;
			baseConfigurationReference = 04544EC315E9449C8A0EC3F9 /* Pods-7timesTests.xcconfig */;
			buildSettings = {
				BUNDLE_LOADER = "$(BUILT_PRODUCTS_DIR)/7times.app/7times";
				FRAMEWORK_SEARCH_PATHS = (
					"\"$(SDKROOT)/Developer/Library/Frameworks\"",
					"\"$(DEVELOPER_LIBRARY_DIR)/Frameworks\"",
				);
				GCC_PRECOMPILE_PREFIX_HEADER = YES;
				GCC_PREFIX_HEADER = "7times/7times-Prefix.pch";
				INFOPLIST_FILE = "7timesTests/7timesTests-Info.plist";
				PRODUCT_NAME = "$(TARGET_NAME)";
				TEST_HOST = "$(BUNDLE_LOADER)";
				USER_HEADER_SEARCH_PATHS = "\"${PROJECT_DIR}/Pods\"/**";
				WRAPPER_EXTENSION = octest;
			};
			name = Debug;
		};
		9C1C9C4217DF081900BCC341 /* Release */ = {
			isa = XCBuildConfiguration;
			baseConfigurationReference = 04544EC315E9449C8A0EC3F9 /* Pods-7timesTests.xcconfig */;
			buildSettings = {
				BUNDLE_LOADER = "$(BUILT_PRODUCTS_DIR)/7times.app/7times";
				FRAMEWORK_SEARCH_PATHS = (
					"\"$(SDKROOT)/Developer/Library/Frameworks\"",
					"\"$(DEVELOPER_LIBRARY_DIR)/Frameworks\"",
				);
				GCC_PRECOMPILE_PREFIX_HEADER = YES;
				GCC_PREFIX_HEADER = "7times/7times-Prefix.pch";
				INFOPLIST_FILE = "7timesTests/7timesTests-Info.plist";
				PRODUCT_NAME = "$(TARGET_NAME)";
				TEST_HOST = "$(BUNDLE_LOADER)";
				USER_HEADER_SEARCH_PATHS = "\"${PROJECT_DIR}/Pods\"/**";
				WRAPPER_EXTENSION = octest;
			};
			name = Release;
		};
/* End XCBuildConfiguration section */

/* Begin XCConfigurationList section */
		9C1C9BFD17DF081800BCC341 /* Build configuration list for PBXProject "7times" */ = {
			isa = XCConfigurationList;
			buildConfigurations = (
				9C1C9C3B17DF081900BCC341 /* Debug */,
				9C1C9C3C17DF081900BCC341 /* Release */,
			);
			defaultConfigurationIsVisible = 0;
			defaultConfigurationName = Release;
		};
		9C1C9C3D17DF081900BCC341 /* Build configuration list for PBXNativeTarget "7times" */ = {
			isa = XCConfigurationList;
			buildConfigurations = (
				9C1C9C3E17DF081900BCC341 /* Debug */,
				9C1C9C3F17DF081900BCC341 /* Release */,
			);
			defaultConfigurationIsVisible = 0;
			defaultConfigurationName = Release;
		};
		9C1C9C4017DF081900BCC341 /* Build configuration list for PBXNativeTarget "7timesTests" */ = {
			isa = XCConfigurationList;
			buildConfigurations = (
				9C1C9C4117DF081900BCC341 /* Debug */,
				9C1C9C4217DF081900BCC341 /* Release */,
			);
			defaultConfigurationIsVisible = 0;
			defaultConfigurationName = Release;
		};
/* End XCConfigurationList section */

/* Begin XCVersionGroup section */
		9C1C9C4317E1C9FA00BCC341 /* Model.xcdatamodeld */ = {
			isa = XCVersionGroup;
			children = (
				9CF0C9DE180E9B0900658EBA /* Model.1.1.xcdatamodel */,
				9C1C9C4417E1C9FA00BCC341 /* Model.xcdatamodel */,
			);
			currentVersion = 9CF0C9DE180E9B0900658EBA /* Model.1.1.xcdatamodel */;
			path = Model.xcdatamodeld;
			sourceTree = "<group>";
			versionGroupType = wrapper.xcdatamodel;
		};
/* End XCVersionGroup section */
	};
	rootObject = 9C1C9BFA17DF081800BCC341 /* Project object */;
}
